
Microsoft Visual Studio Solution File, Format Version 12.00
# Visual Studio Version 16
VisualStudioVersion = 16.0.32002.261
MinimumVisualStudioVersion = 10.0.40219.1
Project("{9A19103F-16F7-4668-BE54-9A1E7A4F7556}") = "DataAccess", "DataAccess\DataAccess.csproj", "{01EBAF95-8A51-4B82-8DA1-9F609EBF5860}"
EndProject
Project("{9A19103F-16F7-4668-BE54-9A1E7A4F7556}") = "Business", "Business\Business.csproj", "{97F21399-C46E-48A0-8127-E68277E8C17E}"
EndProject
Project("{9A19103F-16F7-4668-BE54-9A1E7A4F7556}") = "Entities", "Entities\Entities.csproj", "{331DD245-F8D6-4550-BFD7-D8F4277458DC}"
EndProject
Project("{9A19103F-16F7-4668-BE54-9A1E7A4F7556}") = "ConsoleUI", "ConsoleUI\ConsoleUI.csproj", "{4CCAFF33-6DBA-4636-8416-FF6EB118A2AD}"
EndProject
Project("{9A19103F-16F7-4668-BE54-9A1E7A4F7556}") = "Core", "Core\Core.csproj", "{128AAE7D-1149-451B-9A72-F3A39DBAE101}"
EndProject
Project("{FAE04EC0-301F-11D3-BF4B-00C04F79EFBC}") = "WebAPI", "WebAPI\WebAPI.csproj", "{CE92FA24-48F5-4D22-88C2-24B2E13910A9}"
EndProject
Global
	GlobalSection(SolutionConfigurationPlatforms) = preSolution
		Debug|Any CPU = Debug|Any CPU
		Release|Any CPU = Release|Any CPU
	EndGlobalSection
	GlobalSection(ProjectConfigurationPlatforms) = postSolution
		{01EBAF95-8A51-4B82-8DA1-9F609EBF5860}.Debug|Any CPU.ActiveCfg = Debug|Any CPU
		{01EBAF95-8A51-4B82-8DA1-9F609EBF5860}.Debug|Any CPU.Build.0 = Debug|Any CPU
		{01EBAF95-8A51-4B82-8DA1-9F609EBF5860}.Release|Any CPU.ActiveCfg = Release|Any CPU
		{01EBAF95-8A51-4B82-8DA1-9F609EBF5860}.Release|Any CPU.Build.0 = Release|Any CPU
		{97F21399-C46E-48A0-8127-E68277E8C17E}.Debug|Any CPU.ActiveCfg = Debug|Any CPU
		{97F21399-C46E-48A0-8127-E68277E8C17E}.Debug|Any CPU.Build.0 = Debug|Any CPU
		{97F21399-C46E-48A0-8127-E68277E8C17E}.Release|Any CPU.ActiveCfg = Release|Any CPU
		{97F21399-C46E-48A0-8127-E68277E8C17E}.Release|Any CPU.Build.0 = Release|Any CPU
		{331DD245-F8D6-4550-BFD7-D8F4277458DC}.Debug|Any CPU.ActiveCfg = Debug|Any CPU
		{331DD245-F8D6-4550-BFD7-D8F4277458DC}.Debug|Any CPU.Build.0 = Debug|Any CPU
		{331DD245-F8D6-4550-BFD7-D8F4277458DC}.Release|Any CPU.ActiveCfg = Release|Any CPU
		{331DD245-F8D6-4550-BFD7-D8F4277458DC}.Release|Any CPU.Build.0 = Release|Any CPU
		{4CCAFF33-6DBA-4636-8416-FF6EB118A2AD}.Debug|Any CPU.ActiveCfg = Debug|Any CPU
		{4CCAFF33-6DBA-4636-8416-FF6EB118A2AD}.Debug|Any CPU.Build.0 = Debug|Any CPU
		{4CCAFF33-6DBA-4636-8416-FF6EB118A2AD}.Release|Any CPU.ActiveCfg = Release|Any CPU
		{4CCAFF33-6DBA-4636-8416-FF6EB118A2AD}.Release|Any CPU.Build.0 = Release|Any CPU
		{128AAE7D-1149-451B-9A72-F3A39DBAE101}.Debug|Any CPU.ActiveCfg = Debug|Any CPU
		{128AAE7D-1149-451B-9A72-F3A39DBAE101}.Debug|Any CPU.Build.0 = Debug|Any CPU
		{128AAE7D-1149-451B-9A72-F3A39DBAE101}.Release|Any CPU.ActiveCfg = Release|Any CPU
		{128AAE7D-1149-451B-9A72-F3A39DBAE101}.Release|Any CPU.Build.0 = Release|Any CPU
		{CE92FA24-48F5-4D22-88C2-24B2E13910A9}.Debug|Any CPU.ActiveCfg = Debug|Any CPU
		{CE92FA24-48F5-4D22-88C2-24B2E13910A9}.Debug|Any CPU.Build.0 = Debug|Any CPU
		{CE92FA24-48F5-4D22-88C2-24B2E13910A9}.Release|Any CPU.ActiveCfg = Release|Any CPU
		{CE92FA24-48F5-4D22-88C2-24B2E13910A9}.Release|Any CPU.Build.0 = Release|Any CPU
	EndGlobalSection
	GlobalSection(SolutionProperties) = preSolution
		HideSolutionNode = FALSE
	EndGlobalSection
	GlobalSection(ExtensibilityGlobals) = postSolution
		SolutionGuid = {C9297E43-A57F-410D-BD3F-97CDC3303837}
	EndGlobalSection
EndGlobal
